<?xml version="1.0" encoding="utf-8"?>
<Project ToolsVersion="17.0" xmlns="http://schemas.microsoft.com/developer/msbuild/2003">
  <ItemGroup>
    <ClCompile Include="C:\Users\Heetae\source\repos\Learning_GameMath\gamemath-10-1\Source\Runtime\Engine\Precompiled.cpp" />
    <ClCompile Include="C:\Users\Heetae\source\repos\Learning_GameMath\gamemath-10-1\Source\Runtime\Engine\Private\2D\CameraObject.cpp">
      <Filter>Private\2D</Filter>
    </ClCompile>
    <ClCompile Include="C:\Users\Heetae\source\repos\Learning_GameMath\gamemath-10-1\Source\Runtime\Engine\Private\2D\GameEngine.cpp">
      <Filter>Private\2D</Filter>
    </ClCompile>
    <ClCompile Include="C:\Users\Heetae\source\repos\Learning_GameMath\gamemath-10-1\Source\Runtime\Engine\Private\2D\GameObject.cpp">
      <Filter>Private\2D</Filter>
    </ClCompile>
    <ClCompile Include="C:\Users\Heetae\source\repos\Learning_GameMath\gamemath-10-1\Source\Runtime\Engine\Private\2D\Mesh.cpp">
      <Filter>Private\2D</Filter>
    </ClCompile>
    <ClCompile Include="C:\Users\Heetae\source\repos\Learning_GameMath\gamemath-10-1\Source\Runtime\Engine\Private\2D\TransformComponent.cpp">
      <Filter>Private\2D</Filter>
    </ClCompile>
    <ClCompile Include="C:\Users\Heetae\source\repos\Learning_GameMath\gamemath-10-1\Source\Runtime\Engine\Private\3D\Bone.cpp">
      <Filter>Private\3D</Filter>
    </ClCompile>
    <ClCompile Include="C:\Users\Heetae\source\repos\Learning_GameMath\gamemath-10-1\Source\Runtime\Engine\Private\3D\CameraObject.cpp">
      <Filter>Private\3D</Filter>
    </ClCompile>
    <ClCompile Include="C:\Users\Heetae\source\repos\Learning_GameMath\gamemath-10-1\Source\Runtime\Engine\Private\3D\GameEngine.cpp">
      <Filter>Private\3D</Filter>
    </ClCompile>
    <ClCompile Include="C:\Users\Heetae\source\repos\Learning_GameMath\gamemath-10-1\Source\Runtime\Engine\Private\3D\GameObject.cpp">
      <Filter>Private\3D</Filter>
    </ClCompile>
    <ClCompile Include="C:\Users\Heetae\source\repos\Learning_GameMath\gamemath-10-1\Source\Runtime\Engine\Private\3D\Mesh.cpp">
      <Filter>Private\3D</Filter>
    </ClCompile>
    <ClCompile Include="C:\Users\Heetae\source\repos\Learning_GameMath\gamemath-10-1\Source\Runtime\Engine\Private\3D\TransformComponent.cpp">
      <Filter>Private\3D</Filter>
    </ClCompile>
    <ClCompile Include="C:\Users\Heetae\source\repos\Learning_GameMath\gamemath-10-1\Source\Runtime\Engine\Private\InputManager.cpp">
      <Filter>Private</Filter>
    </ClCompile>
    <ClCompile Include="C:\Users\Heetae\source\repos\Learning_GameMath\gamemath-10-1\Source\Runtime\Engine\Private\Texture.cpp">
      <Filter>Private</Filter>
    </ClCompile>
  </ItemGroup>
  <ItemGroup>
    <ClInclude Include="C:\Users\Heetae\source\repos\Learning_GameMath\gamemath-10-1\Source\Runtime\Engine\Precompiled.h" />
    <ClInclude Include="C:\Users\Heetae\source\repos\Learning_GameMath\gamemath-10-1\Source\Runtime\Engine\Public\2D\CameraObject.h">
      <Filter>Public\2D</Filter>
    </ClInclude>
    <ClInclude Include="C:\Users\Heetae\source\repos\Learning_GameMath\gamemath-10-1\Source\Runtime\Engine\Public\2D\GameEngine.h">
      <Filter>Public\2D</Filter>
    </ClInclude>
    <ClInclude Include="C:\Users\Heetae\source\repos\Learning_GameMath\gamemath-10-1\Source\Runtime\Engine\Public\2D\GameObject.h">
      <Filter>Public\2D</Filter>
    </ClInclude>
    <ClInclude Include="C:\Users\Heetae\source\repos\Learning_GameMath\gamemath-10-1\Source\Runtime\Engine\Public\2D\Mesh.h">
      <Filter>Public\2D</Filter>
    </ClInclude>
    <ClInclude Include="C:\Users\Heetae\source\repos\Learning_GameMath\gamemath-10-1\Source\Runtime\Engine\Public\2D\TransformComponent.h">
      <Filter>Public\2D</Filter>
    </ClInclude>
    <ClInclude Include="C:\Users\Heetae\source\repos\Learning_GameMath\gamemath-10-1\Source\Runtime\Engine\Public\3D\CameraObject.h">
      <Filter>Public\3D</Filter>
    </ClInclude>
    <ClInclude Include="C:\Users\Heetae\source\repos\Learning_GameMath\gamemath-10-1\Source\Runtime\Engine\Public\3D\GameEngine.h">
      <Filter>Public\3D</Filter>
    </ClInclude>
    <ClInclude Include="C:\Users\Heetae\source\repos\Learning_GameMath\gamemath-10-1\Source\Runtime\Engine\Public\3D\GameObject.h">
      <Filter>Public\3D</Filter>
    </ClInclude>
    <ClInclude Include="C:\Users\Heetae\source\repos\Learning_GameMath\gamemath-10-1\Source\Runtime\Engine\Public\3D\Mesh.h">
      <Filter>Public\3D</Filter>
    </ClInclude>
    <ClInclude Include="C:\Users\Heetae\source\repos\Learning_GameMath\gamemath-10-1\Source\Runtime\Engine\Public\3D\Resources.h">
      <Filter>Public\3D</Filter>
    </ClInclude>
    <ClInclude Include="C:\Users\Heetae\source\repos\Learning_GameMath\gamemath-10-1\Source\Runtime\Engine\Public\3D\TransformComponent.h">
      <Filter>Public\3D</Filter>
    </ClInclude>
    <ClInclude Include="C:\Users\Heetae\source\repos\Learning_GameMath\gamemath-10-1\Source\Runtime\Engine\Public\EngineHeaders.h">
      <Filter>Public</Filter>
    </ClInclude>
    <ClInclude Include="C:\Users\Heetae\source\repos\Learning_GameMath\gamemath-10-1\Source\Runtime\Engine\Public\EngineInterface.h">
      <Filter>Public</Filter>
    </ClInclude>
    <ClInclude Include="C:\Users\Heetae\source\repos\Learning_GameMath\gamemath-10-1\Source\Runtime\Engine\Public\InputManager.h">
      <Filter>Public</Filter>
    </ClInclude>
    <ClInclude Include="C:\Users\Heetae\source\repos\Learning_GameMath\gamemath-10-1\Source\Runtime\Engine\Public\Texture.h">
      <Filter>Public</Filter>
    </ClInclude>
    <ClInclude Include="C:\Users\Heetae\source\repos\Learning_GameMath\gamemath-10-1\Source\Runtime\Engine\ThirdParty\Stb\stb.h">
      <Filter>ThirdParty\Stb</Filter>
    </ClInclude>
    <ClInclude Include="C:\Users\Heetae\source\repos\Learning_GameMath\gamemath-10-1\Source\Runtime\Engine\ThirdParty\Stb\stb_c_lexer.h">
      <Filter>ThirdParty\Stb</Filter>
    </ClInclude>
    <ClInclude Include="C:\Users\Heetae\source\repos\Learning_GameMath\gamemath-10-1\Source\Runtime\Engine\ThirdParty\Stb\stb_connected_components.h">
      <Filter>ThirdParty\Stb</Filter>
    </ClInclude>
    <ClInclude Include="C:\Users\Heetae\source\repos\Learning_GameMath\gamemath-10-1\Source\Runtime\Engine\ThirdParty\Stb\stb_divide.h">
      <Filter>ThirdParty\Stb</Filter>
    </ClInclude>
    <ClInclude Include="C:\Users\Heetae\source\repos\Learning_GameMath\gamemath-10-1\Source\Runtime\Engine\ThirdParty\Stb\stb_ds.h">
      <Filter>ThirdParty\Stb</Filter>
    </ClInclude>
    <ClInclude Include="C:\Users\Heetae\source\repos\Learning_GameMath\gamemath-10-1\Source\Runtime\Engine\ThirdParty\Stb\stb_dxt.h">
      <Filter>ThirdParty\Stb</Filter>
    </ClInclude>
    <ClInclude Include="C:\Users\Heetae\source\repos\Learning_GameMath\gamemath-10-1\Source\Runtime\Engine\ThirdParty\Stb\stb_easy_font.h">
      <Filter>ThirdParty\Stb</Filter>
    </ClInclude>
    <ClInclude Include="C:\Users\Heetae\source\repos\Learning_GameMath\gamemath-10-1\Source\Runtime\Engine\ThirdParty\Stb\stb_herringbone_wang_tile.h">
      <Filter>ThirdParty\Stb</Filter>
    </ClInclude>
    <ClInclude Include="C:\Users\Heetae\source\repos\Learning_GameMath\gamemath-10-1\Source\Runtime\Engine\ThirdParty\Stb\stb_image.h">
      <Filter>ThirdParty\Stb</Filter>
    </ClInclude>
    <ClInclude Include="C:\Users\Heetae\source\repos\Learning_GameMath\gamemath-10-1\Source\Runtime\Engine\ThirdParty\Stb\stb_image_resize.h">
      <Filter>ThirdParty\Stb</Filter>
    </ClInclude>
    <ClInclude Include="C:\Users\Heetae\source\repos\Learning_GameMath\gamemath-10-1\Source\Runtime\Engine\ThirdParty\Stb\stb_image_write.h">
      <Filter>ThirdParty\Stb</Filter>
    </ClInclude>
    <ClInclude Include="C:\Users\Heetae\source\repos\Learning_GameMath\gamemath-10-1\Source\Runtime\Engine\ThirdParty\Stb\stb_include.h">
      <Filter>ThirdParty\Stb</Filter>
    </ClInclude>
    <ClInclude Include="C:\Users\Heetae\source\repos\Learning_GameMath\gamemath-10-1\Source\Runtime\Engine\ThirdParty\Stb\stb_leakcheck.h">
      <Filter>ThirdParty\Stb</Filter>
    </ClInclude>
    <ClInclude Include="C:\Users\Heetae\source\repos\Learning_GameMath\gamemath-10-1\Source\Runtime\Engine\ThirdParty\Stb\stb_perlin.h">
      <Filter>ThirdParty\Stb</Filter>
    </ClInclude>
    <ClInclude Include="C:\Users\Heetae\source\repos\Learning_GameMath\gamemath-10-1\Source\Runtime\Engine\ThirdParty\Stb\stb_rect_pack.h">
      <Filter>ThirdParty\Stb</Filter>
    </ClInclude>
    <ClInclude Include="C:\Users\Heetae\source\repos\Learning_GameMath\gamemath-10-1\Source\Runtime\Engine\ThirdParty\Stb\stb_sprintf.h">
      <Filter>ThirdParty\Stb</Filter>
    </ClInclude>
    <ClInclude Include="C:\Users\Heetae\source\repos\Learning_GameMath\gamemath-10-1\Source\Runtime\Engine\ThirdParty\Stb\stb_textedit.h">
      <Filter>ThirdParty\Stb</Filter>
    </ClInclude>
    <ClInclude Include="C:\Users\Heetae\source\repos\Learning_GameMath\gamemath-10-1\Source\Runtime\Engine\ThirdParty\Stb\stb_tilemap_editor.h">
      <Filter>ThirdParty\Stb</Filter>
    </ClInclude>
    <ClInclude Include="C:\Users\Heetae\source\repos\Learning_GameMath\gamemath-10-1\Source\Runtime\Engine\ThirdParty\Stb\stb_truetype.h">
      <Filter>ThirdParty\Stb</Filter>
    </ClInclude>
    <ClInclude Include="C:\Users\Heetae\source\repos\Learning_GameMath\gamemath-10-1\Source\Runtime\Engine\ThirdParty\Stb\stb_voxel_render.h">
      <Filter>ThirdParty\Stb</Filter>
    </ClInclude>
    <ClInclude Include="C:\Users\Heetae\source\repos\Learning_GameMath\gamemath-10-1\Source\Runtime\Engine\ThirdParty\Stb\stretchy_buffer.h">
      <Filter>ThirdParty\Stb</Filter>
    </ClInclude>
  </ItemGroup>
  <ItemGroup>
    <Filter Include="Private">
      <UniqueIdentifier>{0051E5FC-B1BB-3A52-BBDC-CCA5D32BA90E}</UniqueIdentifier>
    </Filter>
    <Filter Include="Private\2D">
      <UniqueIdentifier>{C619AE6D-1890-386E-8444-A725D8649089}</UniqueIdentifier>
    </Filter>
    <Filter Include="Private\3D">
      <UniqueIdentifier>{3102CFF3-4075-3C2F-9461-03B8F99B5F50}</UniqueIdentifier>
    </Filter>
    <Filter Include="Public">
      <UniqueIdentifier>{7CBE0BDA-2086-3245-8627-35DF2D195346}</UniqueIdentifier>
    </Filter>
    <Filter Include="Public\2D">
      <UniqueIdentifier>{0B3537D7-7219-3BA9-9DAA-F53EFA131D1D}</UniqueIdentifier>
    </Filter>
    <Filter Include="Public\3D">
      <UniqueIdentifier>{3D0FF3A8-972A-3545-99D5-0F7F9076749B}</UniqueIdentifier>
    </Filter>
    <Filter Include="ThirdParty">
      <UniqueIdentifier>{A16B5536-D60B-3371-A861-B9763B9EB549}</UniqueIdentifier>
    </Filter>
    <Filter Include="ThirdParty\Stb">
      <UniqueIdentifier>{A3C7AE57-F3C4-3FA1-BBFD-0A96B5FB92E8}</UniqueIdentifier>
    </Filter>
  </ItemGroup>
</Project>
