
Microsoft Visual Studio Solution File, Format Version 12.00
# Visual Studio Version 17
Project("{8BC9CEB8-8B4A-11D0-8D11-00A0C91BC942}") = "ALL_BUILD", "ALL_BUILD.vcxproj", "{63660C16-7ACE-35F4-A67C-5424E9A1A89E}"
	ProjectSection(ProjectDependencies) = postProject
		{76B68190-DEBD-3C6E-A984-643F7B881ABB} = {76B68190-DEBD-3C6E-A984-643F7B881ABB}
	EndProjectSection
EndProject
Project("{8BC9CEB8-8B4A-11D0-8D11-00A0C91BC942}") = "MathModule", "..\Math\MathModule.vcxproj", "{CF73C8D2-3ED8-3E76-A002-39577DBDFDCA}"
	ProjectSection(ProjectDependencies) = postProject
	EndProjectSection
EndProject
Project("{8BC9CEB8-8B4A-11D0-8D11-00A0C91BC942}") = "RendererModule", "RendererModule.vcxproj", "{76B68190-DEBD-3C6E-A984-643F7B881ABB}"
	ProjectSection(ProjectDependencies) = postProject
		{CF73C8D2-3ED8-3E76-A002-39577DBDFDCA} = {CF73C8D2-3ED8-3E76-A002-39577DBDFDCA}
	EndProjectSection
EndProject
Global
	GlobalSection(SolutionConfigurationPlatforms) = preSolution
		Debug|x64 = Debug|x64
		Release|x64 = Release|x64
		MinSizeRel|x64 = MinSizeRel|x64
		RelWithDebInfo|x64 = RelWithDebInfo|x64
	EndGlobalSection
	GlobalSection(ProjectConfigurationPlatforms) = postSolution
		{63660C16-7ACE-35F4-A67C-5424E9A1A89E}.Debug|x64.ActiveCfg = Debug|x64
		{63660C16-7ACE-35F4-A67C-5424E9A1A89E}.Release|x64.ActiveCfg = Release|x64
		{63660C16-7ACE-35F4-A67C-5424E9A1A89E}.MinSizeRel|x64.ActiveCfg = MinSizeRel|x64
		{63660C16-7ACE-35F4-A67C-5424E9A1A89E}.RelWithDebInfo|x64.ActiveCfg = RelWithDebInfo|x64
		{CF73C8D2-3ED8-3E76-A002-39577DBDFDCA}.Debug|x64.ActiveCfg = Debug|x64
		{CF73C8D2-3ED8-3E76-A002-39577DBDFDCA}.Debug|x64.Build.0 = Debug|x64
		{CF73C8D2-3ED8-3E76-A002-39577DBDFDCA}.Release|x64.ActiveCfg = Release|x64
		{CF73C8D2-3ED8-3E76-A002-39577DBDFDCA}.Release|x64.Build.0 = Release|x64
		{CF73C8D2-3ED8-3E76-A002-39577DBDFDCA}.MinSizeRel|x64.ActiveCfg = MinSizeRel|x64
		{CF73C8D2-3ED8-3E76-A002-39577DBDFDCA}.MinSizeRel|x64.Build.0 = MinSizeRel|x64
		{CF73C8D2-3ED8-3E76-A002-39577DBDFDCA}.RelWithDebInfo|x64.ActiveCfg = RelWithDebInfo|x64
		{CF73C8D2-3ED8-3E76-A002-39577DBDFDCA}.RelWithDebInfo|x64.Build.0 = RelWithDebInfo|x64
		{76B68190-DEBD-3C6E-A984-643F7B881ABB}.Debug|x64.ActiveCfg = Debug|x64
		{76B68190-DEBD-3C6E-A984-643F7B881ABB}.Debug|x64.Build.0 = Debug|x64
		{76B68190-DEBD-3C6E-A984-643F7B881ABB}.Release|x64.ActiveCfg = Release|x64
		{76B68190-DEBD-3C6E-A984-643F7B881ABB}.Release|x64.Build.0 = Release|x64
		{76B68190-DEBD-3C6E-A984-643F7B881ABB}.MinSizeRel|x64.ActiveCfg = MinSizeRel|x64
		{76B68190-DEBD-3C6E-A984-643F7B881ABB}.MinSizeRel|x64.Build.0 = MinSizeRel|x64
		{76B68190-DEBD-3C6E-A984-643F7B881ABB}.RelWithDebInfo|x64.ActiveCfg = RelWithDebInfo|x64
		{76B68190-DEBD-3C6E-A984-643F7B881ABB}.RelWithDebInfo|x64.Build.0 = RelWithDebInfo|x64
	EndGlobalSection
	GlobalSection(ExtensibilityGlobals) = postSolution
		SolutionGuid = {A0CC6733-1E8A-38C3-8371-71576DE952E9}
	EndGlobalSection
	GlobalSection(ExtensibilityAddIns) = postSolution
	EndGlobalSection
EndGlobal
