
Microsoft Visual Studio Solution File, Format Version 12.00
# Visual Studio Version 17
Project("{8BC9CEB8-8B4A-11D0-8D11-00A0C91BC942}") = "ALL_BUILD", "ALL_BUILD.vcxproj", "{3AB3134F-9964-3BA2-8A1D-6DD93E438F81}"
	ProjectSection(ProjectDependencies) = postProject
		{5975037D-49D5-3B68-B20E-EBFBAF741027} = {5975037D-49D5-3B68-B20E-EBFBAF741027}
	EndProjectSection
EndProject
Project("{8BC9CEB8-8B4A-11D0-8D11-00A0C91BC942}") = "EngineModule", "..\Runtime\Engine\EngineModule.vcxproj", "{2E79ABEB-3742-3F39-8371-8C1D571B94A3}"
	ProjectSection(ProjectDependencies) = postProject
		{2DE1DCF6-6CCE-3F4C-BC7A-838A489B00B5} = {2DE1DCF6-6CCE-3F4C-BC7A-838A489B00B5}
		{D36FC639-B67A-3E0D-8C05-1261E7B3F211} = {D36FC639-B67A-3E0D-8C05-1261E7B3F211}
	EndProjectSection
EndProject
Project("{8BC9CEB8-8B4A-11D0-8D11-00A0C91BC942}") = "MathModule", "..\Runtime\Math\MathModule.vcxproj", "{2DE1DCF6-6CCE-3F4C-BC7A-838A489B00B5}"
	ProjectSection(ProjectDependencies) = postProject
	EndProjectSection
EndProject
Project("{8BC9CEB8-8B4A-11D0-8D11-00A0C91BC942}") = "RendererModule", "..\Runtime\Renderer\RendererModule.vcxproj", "{D36FC639-B67A-3E0D-8C05-1261E7B3F211}"
	ProjectSection(ProjectDependencies) = postProject
		{2DE1DCF6-6CCE-3F4C-BC7A-838A489B00B5} = {2DE1DCF6-6CCE-3F4C-BC7A-838A489B00B5}
	EndProjectSection
EndProject
Project("{8BC9CEB8-8B4A-11D0-8D11-00A0C91BC942}") = "SoftRendererPlayer", "SoftRendererPlayer.vcxproj", "{5975037D-49D5-3B68-B20E-EBFBAF741027}"
	ProjectSection(ProjectDependencies) = postProject
		{2E79ABEB-3742-3F39-8371-8C1D571B94A3} = {2E79ABEB-3742-3F39-8371-8C1D571B94A3}
		{2DE1DCF6-6CCE-3F4C-BC7A-838A489B00B5} = {2DE1DCF6-6CCE-3F4C-BC7A-838A489B00B5}
		{D36FC639-B67A-3E0D-8C05-1261E7B3F211} = {D36FC639-B67A-3E0D-8C05-1261E7B3F211}
	EndProjectSection
EndProject
Global
	GlobalSection(SolutionConfigurationPlatforms) = preSolution
		Debug|x64 = Debug|x64
		Release|x64 = Release|x64
		MinSizeRel|x64 = MinSizeRel|x64
		RelWithDebInfo|x64 = RelWithDebInfo|x64
	EndGlobalSection
	GlobalSection(ProjectConfigurationPlatforms) = postSolution
		{3AB3134F-9964-3BA2-8A1D-6DD93E438F81}.Debug|x64.ActiveCfg = Debug|x64
		{3AB3134F-9964-3BA2-8A1D-6DD93E438F81}.Release|x64.ActiveCfg = Release|x64
		{3AB3134F-9964-3BA2-8A1D-6DD93E438F81}.MinSizeRel|x64.ActiveCfg = MinSizeRel|x64
		{3AB3134F-9964-3BA2-8A1D-6DD93E438F81}.RelWithDebInfo|x64.ActiveCfg = RelWithDebInfo|x64
		{2E79ABEB-3742-3F39-8371-8C1D571B94A3}.Debug|x64.ActiveCfg = Debug|x64
		{2E79ABEB-3742-3F39-8371-8C1D571B94A3}.Debug|x64.Build.0 = Debug|x64
		{2E79ABEB-3742-3F39-8371-8C1D571B94A3}.Release|x64.ActiveCfg = Release|x64
		{2E79ABEB-3742-3F39-8371-8C1D571B94A3}.Release|x64.Build.0 = Release|x64
		{2E79ABEB-3742-3F39-8371-8C1D571B94A3}.MinSizeRel|x64.ActiveCfg = MinSizeRel|x64
		{2E79ABEB-3742-3F39-8371-8C1D571B94A3}.MinSizeRel|x64.Build.0 = MinSizeRel|x64
		{2E79ABEB-3742-3F39-8371-8C1D571B94A3}.RelWithDebInfo|x64.ActiveCfg = RelWithDebInfo|x64
		{2E79ABEB-3742-3F39-8371-8C1D571B94A3}.RelWithDebInfo|x64.Build.0 = RelWithDebInfo|x64
		{2DE1DCF6-6CCE-3F4C-BC7A-838A489B00B5}.Debug|x64.ActiveCfg = Debug|x64
		{2DE1DCF6-6CCE-3F4C-BC7A-838A489B00B5}.Debug|x64.Build.0 = Debug|x64
		{2DE1DCF6-6CCE-3F4C-BC7A-838A489B00B5}.Release|x64.ActiveCfg = Release|x64
		{2DE1DCF6-6CCE-3F4C-BC7A-838A489B00B5}.Release|x64.Build.0 = Release|x64
		{2DE1DCF6-6CCE-3F4C-BC7A-838A489B00B5}.MinSizeRel|x64.ActiveCfg = MinSizeRel|x64
		{2DE1DCF6-6CCE-3F4C-BC7A-838A489B00B5}.MinSizeRel|x64.Build.0 = MinSizeRel|x64
		{2DE1DCF6-6CCE-3F4C-BC7A-838A489B00B5}.RelWithDebInfo|x64.ActiveCfg = RelWithDebInfo|x64
		{2DE1DCF6-6CCE-3F4C-BC7A-838A489B00B5}.RelWithDebInfo|x64.Build.0 = RelWithDebInfo|x64
		{D36FC639-B67A-3E0D-8C05-1261E7B3F211}.Debug|x64.ActiveCfg = Debug|x64
		{D36FC639-B67A-3E0D-8C05-1261E7B3F211}.Debug|x64.Build.0 = Debug|x64
		{D36FC639-B67A-3E0D-8C05-1261E7B3F211}.Release|x64.ActiveCfg = Release|x64
		{D36FC639-B67A-3E0D-8C05-1261E7B3F211}.Release|x64.Build.0 = Release|x64
		{D36FC639-B67A-3E0D-8C05-1261E7B3F211}.MinSizeRel|x64.ActiveCfg = MinSizeRel|x64
		{D36FC639-B67A-3E0D-8C05-1261E7B3F211}.MinSizeRel|x64.Build.0 = MinSizeRel|x64
		{D36FC639-B67A-3E0D-8C05-1261E7B3F211}.RelWithDebInfo|x64.ActiveCfg = RelWithDebInfo|x64
		{D36FC639-B67A-3E0D-8C05-1261E7B3F211}.RelWithDebInfo|x64.Build.0 = RelWithDebInfo|x64
		{5975037D-49D5-3B68-B20E-EBFBAF741027}.Debug|x64.ActiveCfg = Debug|x64
		{5975037D-49D5-3B68-B20E-EBFBAF741027}.Debug|x64.Build.0 = Debug|x64
		{5975037D-49D5-3B68-B20E-EBFBAF741027}.Release|x64.ActiveCfg = Release|x64
		{5975037D-49D5-3B68-B20E-EBFBAF741027}.Release|x64.Build.0 = Release|x64
		{5975037D-49D5-3B68-B20E-EBFBAF741027}.MinSizeRel|x64.ActiveCfg = MinSizeRel|x64
		{5975037D-49D5-3B68-B20E-EBFBAF741027}.MinSizeRel|x64.Build.0 = MinSizeRel|x64
		{5975037D-49D5-3B68-B20E-EBFBAF741027}.RelWithDebInfo|x64.ActiveCfg = RelWithDebInfo|x64
		{5975037D-49D5-3B68-B20E-EBFBAF741027}.RelWithDebInfo|x64.Build.0 = RelWithDebInfo|x64
	EndGlobalSection
	GlobalSection(ExtensibilityGlobals) = postSolution
		SolutionGuid = {A8E7D7D5-8228-3F29-BC9A-D8042A6B4C19}
	EndGlobalSection
	GlobalSection(ExtensibilityAddIns) = postSolution
	EndGlobalSection
EndGlobal
